// !$*UTF8*$!
{
	archiveVersion = 1;
	classes = {
	};
	objectVersion = 56;
	objects = {

/* Begin PBXBuildFile section */
		E9335ADA2BE5014C00E583E8 /* AppDelegate.swift in Sources */ = {isa = PBXBuildFile; fileRef = E9335AD92BE5014C00E583E8 /* AppDelegate.swift */; };
		E9335ADE2BE5014C00E583E8 /* ViewController.swift in Sources */ = {isa = PBXBuildFile; fileRef = E9335ADD2BE5014C00E583E8 /* ViewController.swift */; };
		E9335AE12BE5014C00E583E8 /* Base in Resources */ = {isa = PBXBuildFile; fileRef = E9335AE02BE5014C00E583E8 /* Base */; };
		E9335AE32BE5014E00E583E8 /* Assets.xcassets in Resources */ = {isa = PBXBuildFile; fileRef = E9335AE22BE5014E00E583E8 /* Assets.xcassets */; };
		E9335AE62BE5014E00E583E8 /* Base in Resources */ = {isa = PBXBuildFile; fileRef = E9335AE52BE5014E00E583E8 /* Base */; };
		E9335AF12BE5014E00E583E8 /* UAEUniversitiesTests.swift in Sources */ = {isa = PBXBuildFile; fileRef = E9335AF02BE5014E00E583E8 /* UAEUniversitiesTests.swift */; };
		E9335AFB2BE5014E00E583E8 /* UAEUniversitiesUITests.swift in Sources */ = {isa = PBXBuildFile; fileRef = E9335AFA2BE5014E00E583E8 /* UAEUniversitiesUITests.swift */; };
		E9335AFD2BE5014E00E583E8 /* UAEUniversitiesUITestsLaunchTests.swift in Sources */ = {isa = PBXBuildFile; fileRef = E9335AFC2BE5014E00E583E8 /* UAEUniversitiesUITestsLaunchTests.swift */; };
		E994916D2BE5D1EA004B023A /* UniversitiesList in Frameworks */ = {isa = PBXBuildFile; productRef = E994916C2BE5D1EA004B023A /* UniversitiesList */; };
		E9BC08AA2BE5D6D400D38980 /* SceneDelegate.swift in Sources */ = {isa = PBXBuildFile; fileRef = E9BC08A92BE5D6D400D38980 /* SceneDelegate.swift */; };
		E9F22E962BE5C71200539B0E /* NetworkKit in Resources */ = {isa = PBXBuildFile; fileRef = E9F22E932BE5C71200539B0E /* NetworkKit */; };
		E9F22E972BE5C71200539B0E /* StorageKit in Resources */ = {isa = PBXBuildFile; fileRef = E9F22E942BE5C71200539B0E /* StorageKit */; };
/* End PBXBuildFile section */

/* Begin PBXContainerItemProxy section */
		E9335AED2BE5014E00E583E8 /* PBXContainerItemProxy */ = {
			isa = PBXContainerItemProxy;
			containerPortal = E9335ACE2BE5014C00E583E8 /* Project object */;
			proxyType = 1;
			remoteGlobalIDString = E9335AD52BE5014C00E583E8;
			remoteInfo = UAEUniversities;
		};
		E9335AF72BE5014E00E583E8 /* PBXContainerItemProxy */ = {
			isa = PBXContainerItemProxy;
			containerPortal = E9335ACE2BE5014C00E583E8 /* Project object */;
			proxyType = 1;
			remoteGlobalIDString = E9335AD52BE5014C00E583E8;
			remoteInfo = UAEUniversities;
		};
/* End PBXContainerItemProxy section */

/* Begin PBXFileReference section */
		E9335AD62BE5014C00E583E8 /* UAEUniversities.app */ = {isa = PBXFileReference; explicitFileType = wrapper.application; includeInIndex = 0; path = UAEUniversities.app; sourceTree = BUILT_PRODUCTS_DIR; };
		E9335AD92BE5014C00E583E8 /* AppDelegate.swift */ = {isa = PBXFileReference; lastKnownFileType = sourcecode.swift; path = AppDelegate.swift; sourceTree = "<group>"; };
		E9335ADD2BE5014C00E583E8 /* ViewController.swift */ = {isa = PBXFileReference; lastKnownFileType = sourcecode.swift; path = ViewController.swift; sourceTree = "<group>"; };
		E9335AE02BE5014C00E583E8 /* Base */ = {isa = PBXFileReference; lastKnownFileType = file.storyboard; name = Base; path = Base.lproj/Main.storyboard; sourceTree = "<group>"; };
		E9335AE22BE5014E00E583E8 /* Assets.xcassets */ = {isa = PBXFileReference; lastKnownFileType = folder.assetcatalog; path = Assets.xcassets; sourceTree = "<group>"; };
		E9335AE52BE5014E00E583E8 /* Base */ = {isa = PBXFileReference; lastKnownFileType = file.storyboard; name = Base; path = Base.lproj/LaunchScreen.storyboard; sourceTree = "<group>"; };
		E9335AE72BE5014E00E583E8 /* Info.plist */ = {isa = PBXFileReference; lastKnownFileType = text.plist.xml; path = Info.plist; sourceTree = "<group>"; };
		E9335AEC2BE5014E00E583E8 /* UAEUniversitiesTests.xctest */ = {isa = PBXFileReference; explicitFileType = wrapper.cfbundle; includeInIndex = 0; path = UAEUniversitiesTests.xctest; sourceTree = BUILT_PRODUCTS_DIR; };
		E9335AF02BE5014E00E583E8 /* UAEUniversitiesTests.swift */ = {isa = PBXFileReference; lastKnownFileType = sourcecode.swift; path = UAEUniversitiesTests.swift; sourceTree = "<group>"; };
		E9335AF62BE5014E00E583E8 /* UAEUniversitiesUITests.xctest */ = {isa = PBXFileReference; explicitFileType = wrapper.cfbundle; includeInIndex = 0; path = UAEUniversitiesUITests.xctest; sourceTree = BUILT_PRODUCTS_DIR; };
		E9335AFA2BE5014E00E583E8 /* UAEUniversitiesUITests.swift */ = {isa = PBXFileReference; lastKnownFileType = sourcecode.swift; path = UAEUniversitiesUITests.swift; sourceTree = "<group>"; };
		E9335AFC2BE5014E00E583E8 /* UAEUniversitiesUITestsLaunchTests.swift */ = {isa = PBXFileReference; lastKnownFileType = sourcecode.swift; path = UAEUniversitiesUITestsLaunchTests.swift; sourceTree = "<group>"; };
		E994916B2BE5D1BE004B023A /* UniversitiesList */ = {isa = PBXFileReference; lastKnownFileType = wrapper; path = UniversitiesList; sourceTree = "<group>"; };
		E9BC08A92BE5D6D400D38980 /* SceneDelegate.swift */ = {isa = PBXFileReference; lastKnownFileType = sourcecode.swift; path = SceneDelegate.swift; sourceTree = "<group>"; };
		E9BC08AB2BE6949200D38980 /* UtilitiesKit */ = {isa = PBXFileReference; lastKnownFileType = wrapper; name = UtilitiesKit; path = ../../UtilitiesKit; sourceTree = "<group>"; };
		E9F22E932BE5C71200539B0E /* NetworkKit */ = {isa = PBXFileReference; lastKnownFileType = wrapper; path = NetworkKit; sourceTree = "<group>"; };
		E9F22E942BE5C71200539B0E /* StorageKit */ = {isa = PBXFileReference; lastKnownFileType = wrapper; path = StorageKit; sourceTree = "<group>"; };
/* End PBXFileReference section */

/* Begin PBXFrameworksBuildPhase section */
		E9335AD32BE5014C00E583E8 /* Frameworks */ = {
			isa = PBXFrameworksBuildPhase;
			buildActionMask = 2147483647;
			files = (
				E994916D2BE5D1EA004B023A /* UniversitiesList in Frameworks */,
			);
			runOnlyForDeploymentPostprocessing = 0;
		};
		E9335AE92BE5014E00E583E8 /* Frameworks */ = {
			isa = PBXFrameworksBuildPhase;
			buildActionMask = 2147483647;
			files = (
			);
			runOnlyForDeploymentPostprocessing = 0;
		};
		E9335AF32BE5014E00E583E8 /* Frameworks */ = {
			isa = PBXFrameworksBuildPhase;
			buildActionMask = 2147483647;
			files = (
			);
			runOnlyForDeploymentPostprocessing = 0;
		};
/* End PBXFrameworksBuildPhase section */

/* Begin PBXGroup section */
		E9335ACD2BE5014C00E583E8 = {
			isa = PBXGroup;
			children = (
				E9F22EFE2BE5CB1D00539B0E /* Modules */,
				E9335AD82BE5014C00E583E8 /* UAEUniversities */,
				E9335AEF2BE5014E00E583E8 /* UAEUniversitiesTests */,
				E9335AF92BE5014E00E583E8 /* UAEUniversitiesUITests */,
				E9F22E952BE5C71200539B0E /* Frameworks */,
				E9335AD72BE5014C00E583E8 /* Products */,
			);
			sourceTree = "<group>";
		};
		E9335AD72BE5014C00E583E8 /* Products */ = {
			isa = PBXGroup;
			children = (
				E9335AD62BE5014C00E583E8 /* UAEUniversities.app */,
				E9335AEC2BE5014E00E583E8 /* UAEUniversitiesTests.xctest */,
				E9335AF62BE5014E00E583E8 /* UAEUniversitiesUITests.xctest */,
			);
			name = Products;
			sourceTree = "<group>";
		};
		E9335AD82BE5014C00E583E8 /* UAEUniversities */ = {
			isa = PBXGroup;
			children = (
				E9335AD92BE5014C00E583E8 /* AppDelegate.swift */,
				E9BC08A92BE5D6D400D38980 /* SceneDelegate.swift */,
				E9335ADD2BE5014C00E583E8 /* ViewController.swift */,
				E9335ADF2BE5014C00E583E8 /* Main.storyboard */,
				E9335AE22BE5014E00E583E8 /* Assets.xcassets */,
				E9BC08A82BE5D41700D38980 /* Splash */,
				E9BC08A72BE5D40B00D38980 /* Config */,
			);
			path = UAEUniversities;
			sourceTree = "<group>";
		};
		E9335AEF2BE5014E00E583E8 /* UAEUniversitiesTests */ = {
			isa = PBXGroup;
			children = (
				E9335AF02BE5014E00E583E8 /* UAEUniversitiesTests.swift */,
			);
			path = UAEUniversitiesTests;
			sourceTree = "<group>";
		};
		E9335AF92BE5014E00E583E8 /* UAEUniversitiesUITests */ = {
			isa = PBXGroup;
			children = (
				E9335AFA2BE5014E00E583E8 /* UAEUniversitiesUITests.swift */,
				E9335AFC2BE5014E00E583E8 /* UAEUniversitiesUITestsLaunchTests.swift */,
			);
			path = UAEUniversitiesUITests;
			sourceTree = "<group>";
		};
		E9BC08A72BE5D40B00D38980 /* Config */ = {
			isa = PBXGroup;
			children = (
				E9335AE72BE5014E00E583E8 /* Info.plist */,
			);
			path = Config;
			sourceTree = "<group>";
		};
		E9BC08A82BE5D41700D38980 /* Splash */ = {
			isa = PBXGroup;
			children = (
				E9335AE42BE5014E00E583E8 /* LaunchScreen.storyboard */,
			);
			path = Splash;
			sourceTree = "<group>";
		};
		E9F22E952BE5C71200539B0E /* Frameworks */ = {
			isa = PBXGroup;
			children = (
				E9BC08AB2BE6949200D38980 /* UtilitiesKit */,
				E9F22E932BE5C71200539B0E /* NetworkKit */,
				E9F22E942BE5C71200539B0E /* StorageKit */,
			);
			path = Frameworks;
			sourceTree = "<group>";
		};
		E9F22EFE2BE5CB1D00539B0E /* Modules */ = {
			isa = PBXGroup;
			children = (
				E994916B2BE5D1BE004B023A /* UniversitiesList */,
			);
			path = Modules;
			sourceTree = "<group>";
		};
/* End PBXGroup section */

/* Begin PBXNativeTarget section */
		E9335AD52BE5014C00E583E8 /* UAEUniversities */ = {
			isa = PBXNativeTarget;
			buildConfigurationList = E9335B002BE5014E00E583E8 /* Build configuration list for PBXNativeTarget "UAEUniversities" */;
			buildPhases = (
				E9335AD22BE5014C00E583E8 /* Sources */,
				E9335AD32BE5014C00E583E8 /* Frameworks */,
				E9335AD42BE5014C00E583E8 /* Resources */,
			);
			buildRules = (
			);
			dependencies = (
			);
			name = UAEUniversities;
			packageProductDependencies = (
				E994916C2BE5D1EA004B023A /* UniversitiesList */,
			);
			productName = UAEUniversities;
			productReference = E9335AD62BE5014C00E583E8 /* UAEUniversities.app */;
			productType = "com.apple.product-type.application";
		};
		E9335AEB2BE5014E00E583E8 /* UAEUniversitiesTests */ = {
			isa = PBXNativeTarget;
			buildConfigurationList = E9335B032BE5014E00E583E8 /* Build configuration list for PBXNativeTarget "UAEUniversitiesTests" */;
			buildPhases = (
				E9335AE82BE5014E00E583E8 /* Sources */,
				E9335AE92BE5014E00E583E8 /* Frameworks */,
				E9335AEA2BE5014E00E583E8 /* Resources */,
			);
			buildRules = (
			);
			dependencies = (
				E9335AEE2BE5014E00E583E8 /* PBXTargetDependency */,
			);
			name = UAEUniversitiesTests;
			productName = UAEUniversitiesTests;
			productReference = E9335AEC2BE5014E00E583E8 /* UAEUniversitiesTests.xctest */;
			productType = "com.apple.product-type.bundle.unit-test";
		};
		E9335AF52BE5014E00E583E8 /* UAEUniversitiesUITests */ = {
			isa = PBXNativeTarget;
			buildConfigurationList = E9335B062BE5014E00E583E8 /* Build configuration list for PBXNativeTarget "UAEUniversitiesUITests" */;
			buildPhases = (
				E9335AF22BE5014E00E583E8 /* Sources */,
				E9335AF32BE5014E00E583E8 /* Frameworks */,
				E9335AF42BE5014E00E583E8 /* Resources */,
			);
			buildRules = (
			);
			dependencies = (
				E9335AF82BE5014E00E583E8 /* PBXTargetDependency */,
			);
			name = UAEUniversitiesUITests;
			productName = UAEUniversitiesUITests;
			productReference = E9335AF62BE5014E00E583E8 /* UAEUniversitiesUITests.xctest */;
			productType = "com.apple.product-type.bundle.ui-testing";
		};
/* End PBXNativeTarget section */

/* Begin PBXProject section */
		E9335ACE2BE5014C00E583E8 /* Project object */ = {
			isa = PBXProject;
			attributes = {
				BuildIndependentTargetsInParallel = 1;
				LastSwiftUpdateCheck = 1530;
				LastUpgradeCheck = 1530;
				TargetAttributes = {
					E9335AD52BE5014C00E583E8 = {
						CreatedOnToolsVersion = 15.3;
					};
					E9335AEB2BE5014E00E583E8 = {
						CreatedOnToolsVersion = 15.3;
						TestTargetID = E9335AD52BE5014C00E583E8;
					};
					E9335AF52BE5014E00E583E8 = {
						CreatedOnToolsVersion = 15.3;
						TestTargetID = E9335AD52BE5014C00E583E8;
					};
				};
			};
			buildConfigurationList = E9335AD12BE5014C00E583E8 /* Build configuration list for PBXProject "UAEUniversities" */;
			compatibilityVersion = "Xcode 14.0";
			developmentRegion = en;
			hasScannedForEncodings = 0;
			knownRegions = (
				en,
				Base,
			);
			mainGroup = E9335ACD2BE5014C00E583E8;
			packageReferences = (
			);
			productRefGroup = E9335AD72BE5014C00E583E8 /* Products */;
			projectDirPath = "";
			projectRoot = "";
			targets = (
				E9335AD52BE5014C00E583E8 /* UAEUniversities */,
				E9335AEB2BE5014E00E583E8 /* UAEUniversitiesTests */,
				E9335AF52BE5014E00E583E8 /* UAEUniversitiesUITests */,
			);
		};
/* End PBXProject section */

/* Begin PBXResourcesBuildPhase section */
		E9335AD42BE5014C00E583E8 /* Resources */ = {
			isa = PBXResourcesBuildPhase;
			buildActionMask = 2147483647;
			files = (
				E9F22E962BE5C71200539B0E /* NetworkKit in Resources */,
				E9335AE32BE5014E00E583E8 /* Assets.xcassets in Resources */,
				E9F22E972BE5C71200539B0E /* StorageKit in Resources */,
				E9335AE62BE5014E00E583E8 /* Base in Resources */,
				E9335AE12BE5014C00E583E8 /* Base in Resources */,
			);
			runOnlyForDeploymentPostprocessing = 0;
		};
		E9335AEA2BE5014E00E583E8 /* Resources */ = {
			isa = PBXResourcesBuildPhase;
			buildActionMask = 2147483647;
			files = (
			);
			runOnlyForDeploymentPostprocessing = 0;
		};
		E9335AF42BE5014E00E583E8 /* Resources */ = {
			isa = PBXResourcesBuildPhase;
			buildActionMask = 2147483647;
			files = (
			);
			runOnlyForDeploymentPostprocessing = 0;
		};
/* End PBXResourcesBuildPhase section */

/* Begin PBXSourcesBuildPhase section */
		E9335AD22BE5014C00E583E8 /* Sources */ = {
			isa = PBXSourcesBuildPhase;
			buildActionMask = 2147483647;
			files = (
				E9335ADE2BE5014C00E583E8 /* ViewController.swift in Sources */,
				E9335ADA2BE5014C00E583E8 /* AppDelegate.swift in Sources */,
				E9BC08AA2BE5D6D400D38980 /* SceneDelegate.swift in Sources */,
			);
			runOnlyForDeploymentPostprocessing = 0;
		};
		E9335AE82BE5014E00E583E8 /* Sources */ = {
			isa = PBXSourcesBuildPhase;
			buildActionMask = 2147483647;
			files = (
				E9335AF12BE5014E00E583E8 /* UAEUniversitiesTests.swift in Sources */,
			);
			runOnlyForDeploymentPostprocessing = 0;
		};
		E9335AF22BE5014E00E583E8 /* Sources */ = {
			isa = PBXSourcesBuildPhase;
			buildActionMask = 2147483647;
			files = (
				E9335AFD2BE5014E00E583E8 /* UAEUniversitiesUITestsLaunchTests.swift in Sources */,
				E9335AFB2BE5014E00E583E8 /* UAEUniversitiesUITests.swift in Sources */,
			);
			runOnlyForDeploymentPostprocessing = 0;
		};
/* End PBXSourcesBuildPhase section */

/* Begin PBXTargetDependency section */
		E9335AEE2BE5014E00E583E8 /* PBXTargetDependency */ = {
			isa = PBXTargetDependency;
			target = E9335AD52BE5014C00E583E8 /* UAEUniversities */;
			targetProxy = E9335AED2BE5014E00E583E8 /* PBXContainerItemProxy */;
		};
		E9335AF82BE5014E00E583E8 /* PBXTargetDependency */ = {
			isa = PBXTargetDependency;
			target = E9335AD52BE5014C00E583E8 /* UAEUniversities */;
			targetProxy = E9335AF72BE5014E00E583E8 /* PBXContainerItemProxy */;
		};
/* End PBXTargetDependency section */

/* Begin PBXVariantGroup section */
		E9335ADF2BE5014C00E583E8 /* Main.storyboard */ = {
			isa = PBXVariantGroup;
			children = (
				E9335AE02BE5014C00E583E8 /* Base */,
			);
			name = Main.storyboard;
			sourceTree = "<group>";
		};
		E9335AE42BE5014E00E583E8 /* LaunchScreen.storyboard */ = {
			isa = PBXVariantGroup;
			children = (
				E9335AE52BE5014E00E583E8 /* Base */,
			);
			name = LaunchScreen.storyboard;
			sourceTree = "<group>";
		};
/* End PBXVariantGroup section */

/* Begin XCBuildConfiguration section */
		E9335AFE2BE5014E00E583E8 /* Debug */ = {
			isa = XCBuildConfiguration;
			buildSettings = {
				ALWAYS_SEARCH_USER_PATHS = NO;
				ASSETCATALOG_COMPILER_GENERATE_SWIFT_ASSET_SYMBOL_EXTENSIONS = YES;
				CLANG_ANALYZER_NONNULL = YES;
				CLANG_ANALYZER_NUMBER_OBJECT_CONVERSION = YES_AGGRESSIVE;
				CLANG_CXX_LANGUAGE_STANDARD = "gnu++20";
				CLANG_ENABLE_MODULES = YES;
				CLANG_ENABLE_OBJC_ARC = YES;
				CLANG_ENABLE_OBJC_WEAK = YES;
				CLANG_WARN_BLOCK_CAPTURE_AUTORELEASING = YES;
				CLANG_WARN_BOOL_CONVERSION = YES;
				CLANG_WARN_COMMA = YES;
				CLANG_WARN_CONSTANT_CONVERSION = YES;
				CLANG_WARN_DEPRECATED_OBJC_IMPLEMENTATIONS = YES;
				CLANG_WARN_DIRECT_OBJC_ISA_USAGE = YES_ERROR;
				CLANG_WARN_DOCUMENTATION_COMMENTS = YES;
				CLANG_WARN_EMPTY_BODY = YES;
				CLANG_WARN_ENUM_CONVERSION = YES;
				CLANG_WARN_INFINITE_RECURSION = YES;
				CLANG_WARN_INT_CONVERSION = YES;
				CLANG_WARN_NON_LITERAL_NULL_CONVERSION = YES;
				CLANG_WARN_OBJC_IMPLICIT_RETAIN_SELF = YES;
				CLANG_WARN_OBJC_LITERAL_CONVERSION = YES;
				CLANG_WARN_OBJC_ROOT_CLASS = YES_ERROR;
				CLANG_WARN_QUOTED_INCLUDE_IN_FRAMEWORK_HEADER = YES;
				CLANG_WARN_RANGE_LOOP_ANALYSIS = YES;
				CLANG_WARN_STRICT_PROTOTYPES = YES;
				CLANG_WARN_SUSPICIOUS_MOVE = YES;
				CLANG_WARN_UNGUARDED_AVAILABILITY = YES_AGGRESSIVE;
				CLANG_WARN_UNREACHABLE_CODE = YES;
				CLANG_WARN__DUPLICATE_METHOD_MATCH = YES;
				COPY_PHASE_STRIP = NO;
				DEBUG_INFORMATION_FORMAT = dwarf;
				ENABLE_STRICT_OBJC_MSGSEND = YES;
				ENABLE_TESTABILITY = YES;
				ENABLE_USER_SCRIPT_SANDBOXING = YES;
				GCC_C_LANGUAGE_STANDARD = gnu17;
				GCC_DYNAMIC_NO_PIC = NO;
				GCC_NO_COMMON_BLOCKS = YES;
				GCC_OPTIMIZATION_LEVEL = 0;
				GCC_PREPROCESSOR_DEFINITIONS = (
					"DEBUG=1",
					"$(inherited)",
				);
				GCC_WARN_64_TO_32_BIT_CONVERSION = YES;
				GCC_WARN_ABOUT_RETURN_TYPE = YES_ERROR;
				GCC_WARN_UNDECLARED_SELECTOR = YES;
				GCC_WARN_UNINITIALIZED_AUTOS = YES_AGGRESSIVE;
				GCC_WARN_UNUSED_FUNCTION = YES;
				GCC_WARN_UNUSED_VARIABLE = YES;
				IPHONEOS_DEPLOYMENT_TARGET = 17.4;
				LOCALIZATION_PREFERS_STRING_CATALOGS = YES;
				MTL_ENABLE_DEBUG_INFO = INCLUDE_SOURCE;
				MTL_FAST_MATH = YES;
				ONLY_ACTIVE_ARCH = YES;
				SDKROOT = iphoneos;
				SWIFT_ACTIVE_COMPILATION_CONDITIONS = "DEBUG $(inherited)";
				SWIFT_OPTIMIZATION_LEVEL = "-Onone";
			};
			name = Debug;
		};
		E9335AFF2BE5014E00E583E8 /* Release */ = {
			isa = XCBuildConfiguration;
			buildSettings = {
				ALWAYS_SEARCH_USER_PATHS = NO;
				ASSETCATALOG_COMPILER_GENERATE_SWIFT_ASSET_SYMBOL_EXTENSIONS = YES;
				CLANG_ANALYZER_NONNULL = YES;
				CLANG_ANALYZER_NUMBER_OBJECT_CONVERSION = YES_AGGRESSIVE;
				CLANG_CXX_LANGUAGE_STANDARD = "gnu++20";
				CLANG_ENABLE_MODULES = YES;
				CLANG_ENABLE_OBJC_ARC = YES;
				CLANG_ENABLE_OBJC_WEAK = YES;
				CLANG_WARN_BLOCK_CAPTURE_AUTORELEASING = YES;
				CLANG_WARN_BOOL_CONVERSION = YES;
				CLANG_WARN_COMMA = YES;
				CLANG_WARN_CONSTANT_CONVERSION = YES;
				CLANG_WARN_DEPRECATED_OBJC_IMPLEMENTATIONS = YES;
				CLANG_WARN_DIRECT_OBJC_ISA_USAGE = YES_ERROR;
				CLANG_WARN_DOCUMENTATION_COMMENTS = YES;
				CLANG_WARN_EMPTY_BODY = YES;
				CLANG_WARN_ENUM_CONVERSION = YES;
				CLANG_WARN_INFINITE_RECURSION = YES;
				CLANG_WARN_INT_CONVERSION = YES;
				CLANG_WARN_NON_LITERAL_NULL_CONVERSION = YES;
				CLANG_WARN_OBJC_IMPLICIT_RETAIN_SELF = YES;
				CLANG_WARN_OBJC_LITERAL_CONVERSION = YES;
				CLANG_WARN_OBJC_ROOT_CLASS = YES_ERROR;
				CLANG_WARN_QUOTED_INCLUDE_IN_FRAMEWORK_HEADER = YES;
				CLANG_WARN_RANGE_LOOP_ANALYSIS = YES;
				CLANG_WARN_STRICT_PROTOTYPES = YES;
				CLANG_WARN_SUSPICIOUS_MOVE = YES;
				CLANG_WARN_UNGUARDED_AVAILABILITY = YES_AGGRESSIVE;
				CLANG_WARN_UNREACHABLE_CODE = YES;
				CLANG_WARN__DUPLICATE_METHOD_MATCH = YES;
				COPY_PHASE_STRIP = NO;
				DEBUG_INFORMATION_FORMAT = "dwarf-with-dsym";
				ENABLE_NS_ASSERTIONS = NO;
				ENABLE_STRICT_OBJC_MSGSEND = YES;
				ENABLE_USER_SCRIPT_SANDBOXING = YES;
				GCC_C_LANGUAGE_STANDARD = gnu17;
				GCC_NO_COMMON_BLOCKS = YES;
				GCC_WARN_64_TO_32_BIT_CONVERSION = YES;
				GCC_WARN_ABOUT_RETURN_TYPE = YES_ERROR;
				GCC_WARN_UNDECLARED_SELECTOR = YES;
				GCC_WARN_UNINITIALIZED_AUTOS = YES_AGGRESSIVE;
				GCC_WARN_UNUSED_FUNCTION = YES;
				GCC_WARN_UNUSED_VARIABLE = YES;
				IPHONEOS_DEPLOYMENT_TARGET = 17.4;
				LOCALIZATION_PREFERS_STRING_CATALOGS = YES;
				MTL_ENABLE_DEBUG_INFO = NO;
				MTL_FAST_MATH = YES;
				SDKROOT = iphoneos;
				SWIFT_COMPILATION_MODE = wholemodule;
				VALIDATE_PRODUCT = YES;
			};
			name = Release;
		};
		E9335B012BE5014E00E583E8 /* Debug */ = {
			isa = XCBuildConfiguration;
			buildSettings = {
				ASSETCATALOG_COMPILER_APPICON_NAME = AppIcon;
				ASSETCATALOG_COMPILER_GLOBAL_ACCENT_COLOR_NAME = AccentColor;
				CODE_SIGN_STYLE = Automatic;
				CURRENT_PROJECT_VERSION = 1;
				GENERATE_INFOPLIST_FILE = YES;
				INFOPLIST_FILE = UAEUniversities/Config/Info.plist;
				INFOPLIST_KEY_UIApplicationSupportsIndirectInputEvents = YES;
				INFOPLIST_KEY_UILaunchStoryboardName = LaunchScreen;
				INFOPLIST_KEY_UIMainStoryboardFile = Main;
				INFOPLIST_KEY_UISupportedInterfaceOrientations_iPad = "UIInterfaceOrientationPortrait UIInterfaceOrientationPortraitUpsideDown UIInterfaceOrientationLandscapeLeft UIInterfaceOrientationLandscapeRight";
				INFOPLIST_KEY_UISupportedInterfaceOrientations_iPhone = "UIInterfaceOrientationPortrait UIInterfaceOrientationLandscapeLeft UIInterfaceOrientationLandscapeRight";
				LD_RUNPATH_SEARCH_PATHS = (
					"$(inherited)",
					"@executable_path/Frameworks",
				);
				MARKETING_VERSION = 1.0;
				PRODUCT_BUNDLE_IDENTIFIER = com.khaled.UAEUniversities;
				PRODUCT_NAME = "$(TARGET_NAME)";
				SWIFT_EMIT_LOC_STRINGS = YES;
				SWIFT_VERSION = 5.0;
				TARGETED_DEVICE_FAMILY = "1,2";
			};
			name = Debug;
		};
		E9335B022BE5014E00E583E8 /* Release */ = {
			isa = XCBuildConfiguration;
			buildSettings = {
				ASSETCATALOG_COMPILER_APPICON_NAME = AppIcon;
				ASSETCATALOG_COMPILER_GLOBAL_ACCENT_COLOR_NAME = AccentColor;
				CODE_SIGN_STYLE = Automatic;
				CURRENT_PROJECT_VERSION = 1;
				GENERATE_INFOPLIST_FILE = YES;
				INFOPLIST_FILE = UAEUniversities/Config/Info.plist;
				INFOPLIST_KEY_UIApplicationSupportsIndirectInputEvents = YES;
				INFOPLIST_KEY_UILaunchStoryboardName = LaunchScreen;
				INFOPLIST_KEY_UIMainStoryboardFile = Main;
				INFOPLIST_KEY_UISupportedInterfaceOrientations_iPad = "UIInterfaceOrientationPortrait UIInterfaceOrientationPortraitUpsideDown UIInterfaceOrientationLandscapeLeft UIInterfaceOrientationLandscapeRight";
				INFOPLIST_KEY_UISupportedInterfaceOrientations_iPhone = "UIInterfaceOrientationPortrait UIInterfaceOrientationLandscapeLeft UIInterfaceOrientationLandscapeRight";
				LD_RUNPATH_SEARCH_PATHS = (
					"$(inherited)",
					"@executable_path/Frameworks",
				);
				MARKETING_VERSION = 1.0;
				PRODUCT_BUNDLE_IDENTIFIER = com.khaled.UAEUniversities;
				PRODUCT_NAME = "$(TARGET_NAME)";
				SWIFT_EMIT_LOC_STRINGS = YES;
				SWIFT_VERSION = 5.0;
				TARGETED_DEVICE_FAMILY = "1,2";
			};
			name = Release;
		};
		E9335B042BE5014E00E583E8 /* Debug */ = {
			isa = XCBuildConfiguration;
			buildSettings = {
				ALWAYS_EMBED_SWIFT_STANDARD_LIBRARIES = YES;
				BUNDLE_LOADER = "$(TEST_HOST)";
				CODE_SIGN_STYLE = Automatic;
				CURRENT_PROJECT_VERSION = 1;
				GENERATE_INFOPLIST_FILE = YES;
				IPHONEOS_DEPLOYMENT_TARGET = 17.4;
				MARKETING_VERSION = 1.0;
				PRODUCT_BUNDLE_IDENTIFIER = com.khaled.UAEUniversitiesTests;
				PRODUCT_NAME = "$(TARGET_NAME)";
				SWIFT_EMIT_LOC_STRINGS = NO;
				SWIFT_VERSION = 5.0;
				TARGETED_DEVICE_FAMILY = "1,2";
				TEST_HOST = "$(BUILT_PRODUCTS_DIR)/UAEUniversities.app/$(BUNDLE_EXECUTABLE_FOLDER_PATH)/UAEUniversities";
			};
			name = Debug;
		};
		E9335B052BE5014E00E583E8 /* Release */ = {
			isa = XCBuildConfiguration;
			buildSettings = {
				ALWAYS_EMBED_SWIFT_STANDARD_LIBRARIES = YES;
				BUNDLE_LOADER = "$(TEST_HOST)";
				CODE_SIGN_STYLE = Automatic;
				CURRENT_PROJECT_VERSION = 1;
				GENERATE_INFOPLIST_FILE = YES;
				IPHONEOS_DEPLOYMENT_TARGET = 17.4;
				MARKETING_VERSION = 1.0;
				PRODUCT_BUNDLE_IDENTIFIER = com.khaled.UAEUniversitiesTests;
				PRODUCT_NAME = "$(TARGET_NAME)";
				SWIFT_EMIT_LOC_STRINGS = NO;
				SWIFT_VERSION = 5.0;
				TARGETED_DEVICE_FAMILY = "1,2";
				TEST_HOST = "$(BUILT_PRODUCTS_DIR)/UAEUniversities.app/$(BUNDLE_EXECUTABLE_FOLDER_PATH)/UAEUniversities";
			};
			name = Release;
		};
		E9335B072BE5014E00E583E8 /* Debug */ = {
			isa = XCBuildConfiguration;
			buildSettings = {
				ALWAYS_EMBED_SWIFT_STANDARD_LIBRARIES = YES;
				CODE_SIGN_STYLE = Automatic;
				CURRENT_PROJECT_VERSION = 1;
				GENERATE_INFOPLIST_FILE = YES;
				MARKETING_VERSION = 1.0;
				PRODUCT_BUNDLE_IDENTIFIER = com.khaled.UAEUniversitiesUITests;
				PRODUCT_NAME = "$(TARGET_NAME)";
				SWIFT_EMIT_LOC_STRINGS = NO;
				SWIFT_VERSION = 5.0;
				TARGETED_DEVICE_FAMILY = "1,2";
				TEST_TARGET_NAME = UAEUniversities;
			};
			name = Debug;
		};
		E9335B082BE5014E00E583E8 /* Release */ = {
			isa = XCBuildConfiguration;
			buildSettings = {
				ALWAYS_EMBED_SWIFT_STANDARD_LIBRARIES = YES;
				CODE_SIGN_STYLE = Automatic;
				CURRENT_PROJECT_VERSION = 1;
				GENERATE_INFOPLIST_FILE = YES;
				MARKETING_VERSION = 1.0;
				PRODUCT_BUNDLE_IDENTIFIER = com.khaled.UAEUniversitiesUITests;
				PRODUCT_NAME = "$(TARGET_NAME)";
				SWIFT_EMIT_LOC_STRINGS = NO;
				SWIFT_VERSION = 5.0;
				TARGETED_DEVICE_FAMILY = "1,2";
				TEST_TARGET_NAME = UAEUniversities;
			};
			name = Release;
		};
/* End XCBuildConfiguration section */

/* Begin XCConfigurationList section */
		E9335AD12BE5014C00E583E8 /* Build configuration list for PBXProject "UAEUniversities" */ = {
			isa = XCConfigurationList;
			buildConfigurations = (
				E9335AFE2BE5014E00E583E8 /* Debug */,
				E9335AFF2BE5014E00E583E8 /* Release */,
			);
			defaultConfigurationIsVisible = 0;
			defaultConfigurationName = Release;
		};
		E9335B002BE5014E00E583E8 /* Build configuration list for PBXNativeTarget "UAEUniversities" */ = {
			isa = XCConfigurationList;
			buildConfigurations = (
				E9335B012BE5014E00E583E8 /* Debug */,
				E9335B022BE5014E00E583E8 /* Release */,
			);
			defaultConfigurationIsVisible = 0;
			defaultConfigurationName = Release;
		};
		E9335B032BE5014E00E583E8 /* Build configuration list for PBXNativeTarget "UAEUniversitiesTests" */ = {
			isa = XCConfigurationList;
			buildConfigurations = (
				E9335B042BE5014E00E583E8 /* Debug */,
				E9335B052BE5014E00E583E8 /* Release */,
			);
			defaultConfigurationIsVisible = 0;
			defaultConfigurationName = Release;
		};
		E9335B062BE5014E00E583E8 /* Build configuration list for PBXNativeTarget "UAEUniversitiesUITests" */ = {
			isa = XCConfigurationList;
			buildConfigurations = (
				E9335B072BE5014E00E583E8 /* Debug */,
				E9335B082BE5014E00E583E8 /* Release */,
			);
			defaultConfigurationIsVisible = 0;
			defaultConfigurationName = Release;
		};
/* End XCConfigurationList section */

/* Begin XCSwiftPackageProductDependency section */
		E994916C2BE5D1EA004B023A /* UniversitiesList */ = {
			isa = XCSwiftPackageProductDependency;
			productName = UniversitiesList;
		};
/* End XCSwiftPackageProductDependency section */
	};
	rootObject = E9335ACE2BE5014C00E583E8 /* Project object */;
}
