{
  "originHash" : "8400225ff83ea3a5381b732015c16f5d293567751a08f23fbe205a60f77430a6",
  "pins" : [
    {
      "identity" : "realm-cocoa",
      "kind" : "remoteSourceControl",
      "location" : "https://github.com/realm/realm-cocoa.git",
      "state" : {
        "revision" : "2000569f03948c281afc83c36c710ab15e5dd33c",
        "version" : "10.50.0"
      }
    },
    {
      "identity" : "realm-core",
      "kind" : "remoteSourceControl",
      "location" : "https://github.com/realm/realm-core.git",
      "state" : {
        "revision" : "9cf7ef4ad8e2f4c7a519c9a395ca3d253bb87aa8",
        "version" : "14.6.2"
      }
    }
  ],
  "version" : 3
}
